// !$*UTF8*$!
{
	archiveVersion = 1;
	classes = {
	};
	objectVersion = 54;
	objects = {

/* Begin PBXBuildFile section */
		FAC8E7622920CDC7007E8A86 /* AppDelegate.swift in Sources */ = {isa = PBXBuildFile; fileRef = FAC8E7612920CDC7007E8A86 /* AppDelegate.swift */; };
		FAC8E7642920CDC7007E8A86 /* SceneDelegate.swift in Sources */ = {isa = PBXBuildFile; fileRef = FAC8E7632920CDC7007E8A86 /* SceneDelegate.swift */; };
		FAC8E7662920CDC7007E8A86 /* ViewController.swift in Sources */ = {isa = PBXBuildFile; fileRef = FAC8E7652920CDC7007E8A86 /* ViewController.swift */; };
		FAC8E7692920CDC7007E8A86 /* Main.storyboard in Resources */ = {isa = PBXBuildFile; fileRef = FAC8E7672920CDC7007E8A86 /* Main.storyboard */; };
		FAC8E76B2920CDC7007E8A86 /* Assets.xcassets in Resources */ = {isa = PBXBuildFile; fileRef = FAC8E76A2920CDC7007E8A86 /* Assets.xcassets */; };
		FAC8E76E2920CDC7007E8A86 /* LaunchScreen.storyboard in Resources */ = {isa = PBXBuildFile; fileRef = FAC8E76C2920CDC7007E8A86 /* LaunchScreen.storyboard */; };
		FAC8E7772920D5A0007E8A86 /* HolidaysTableViewCell.swift in Sources */ = {isa = PBXBuildFile; fileRef = FAC8E7752920D5A0007E8A86 /* HolidaysTableViewCell.swift */; };
		FAC8E7782920D5A0007E8A86 /* HolidaysTableViewCell.xib in Resources */ = {isa = PBXBuildFile; fileRef = FAC8E7762920D5A0007E8A86 /* HolidaysTableViewCell.xib */; };
		FAC8E77A2920D850007E8A86 /* HolidayModels.swift in Sources */ = {isa = PBXBuildFile; fileRef = FAC8E7792920D850007E8A86 /* HolidayModels.swift */; };
		FAC8E77C2920DA2D007E8A86 /* HolidaysRequest.swift in Sources */ = {isa = PBXBuildFile; fileRef = FAC8E77B2920DA2D007E8A86 /* HolidaysRequest.swift */; };
/* End PBXBuildFile section */

/* Begin PBXFileReference section */
		FAC8E75E2920CDC7007E8A86 /* Holidays-Calendar.app */ = {isa = PBXFileReference; explicitFileType = wrapper.application; includeInIndex = 0; path = "Holidays-Calendar.app"; sourceTree = BUILT_PRODUCTS_DIR; };
		FAC8E7612920CDC7007E8A86 /* AppDelegate.swift */ = {isa = PBXFileReference; lastKnownFileType = sourcecode.swift; path = AppDelegate.swift; sourceTree = "<group>"; };
		FAC8E7632920CDC7007E8A86 /* SceneDelegate.swift */ = {isa = PBXFileReference; lastKnownFileType = sourcecode.swift; path = SceneDelegate.swift; sourceTree = "<group>"; };
		FAC8E7652920CDC7007E8A86 /* ViewController.swift */ = {isa = PBXFileReference; lastKnownFileType = sourcecode.swift; path = ViewController.swift; sourceTree = "<group>"; };
		FAC8E7682920CDC7007E8A86 /* Base */ = {isa = PBXFileReference; lastKnownFileType = file.storyboard; name = Base; path = Base.lproj/Main.storyboard; sourceTree = "<group>"; };
		FAC8E76A2920CDC7007E8A86 /* Assets.xcassets */ = {isa = PBXFileReference; lastKnownFileType = folder.assetcatalog; path = Assets.xcassets; sourceTree = "<group>"; };
		FAC8E76D2920CDC7007E8A86 /* Base */ = {isa = PBXFileReference; lastKnownFileType = file.storyboard; name = Base; path = Base.lproj/LaunchScreen.storyboard; sourceTree = "<group>"; };
		FAC8E76F2920CDC7007E8A86 /* Info.plist */ = {isa = PBXFileReference; lastKnownFileType = text.plist.xml; path = Info.plist; sourceTree = "<group>"; };
		FAC8E7752920D5A0007E8A86 /* HolidaysTableViewCell.swift */ = {isa = PBXFileReference; lastKnownFileType = sourcecode.swift; path = HolidaysTableViewCell.swift; sourceTree = "<group>"; };
		FAC8E7762920D5A0007E8A86 /* HolidaysTableViewCell.xib */ = {isa = PBXFileReference; lastKnownFileType = file.xib; path = HolidaysTableViewCell.xib; sourceTree = "<group>"; };
		FAC8E7792920D850007E8A86 /* HolidayModels.swift */ = {isa = PBXFileReference; lastKnownFileType = sourcecode.swift; path = HolidayModels.swift; sourceTree = "<group>"; };
		FAC8E77B2920DA2D007E8A86 /* HolidaysRequest.swift */ = {isa = PBXFileReference; lastKnownFileType = sourcecode.swift; path = HolidaysRequest.swift; sourceTree = "<group>"; };
/* End PBXFileReference section */

/* Begin PBXFrameworksBuildPhase section */
		FAC8E75B2920CDC7007E8A86 /* Frameworks */ = {
			isa = PBXFrameworksBuildPhase;
			buildActionMask = 2147483647;
			files = (
			);
			runOnlyForDeploymentPostprocessing = 0;
		};
/* End PBXFrameworksBuildPhase section */

/* Begin PBXGroup section */
		FAC8E7552920CDC7007E8A86 = {
			isa = PBXGroup;
			children = (
				FAC8E7602920CDC7007E8A86 /* Holidays-Calendar */,
				FAC8E75F2920CDC7007E8A86 /* Products */,
			);
			sourceTree = "<group>";
		};
		FAC8E75F2920CDC7007E8A86 /* Products */ = {
			isa = PBXGroup;
			children = (
				FAC8E75E2920CDC7007E8A86 /* Holidays-Calendar.app */,
			);
			name = Products;
			sourceTree = "<group>";
		};
		FAC8E7602920CDC7007E8A86 /* Holidays-Calendar */ = {
			isa = PBXGroup;
			children = (
				FAC8E7612920CDC7007E8A86 /* AppDelegate.swift */,
				FAC8E7632920CDC7007E8A86 /* SceneDelegate.swift */,
				FAC8E7652920CDC7007E8A86 /* ViewController.swift */,
				FAC8E7672920CDC7007E8A86 /* Main.storyboard */,
				FAC8E76A2920CDC7007E8A86 /* Assets.xcassets */,
				FAC8E76C2920CDC7007E8A86 /* LaunchScreen.storyboard */,
				FAC8E76F2920CDC7007E8A86 /* Info.plist */,
				FAC8E7752920D5A0007E8A86 /* HolidaysTableViewCell.swift */,
				FAC8E7762920D5A0007E8A86 /* HolidaysTableViewCell.xib */,
				FAC8E7792920D850007E8A86 /* HolidayModels.swift */,
				FAC8E77B2920DA2D007E8A86 /* HolidaysRequest.swift */,
			);
			path = "Holidays-Calendar";
			sourceTree = "<group>";
		};
/* End PBXGroup section */

/* Begin PBXNativeTarget section */
		FAC8E75D2920CDC7007E8A86 /* Holidays-Calendar */ = {
			isa = PBXNativeTarget;
			buildConfigurationList = FAC8E7722920CDC7007E8A86 /* Build configuration list for PBXNativeTarget "Holidays-Calendar" */;
			buildPhases = (
				FAC8E75A2920CDC7007E8A86 /* Sources */,
				FAC8E75B2920CDC7007E8A86 /* Frameworks */,
				FAC8E75C2920CDC7007E8A86 /* Resources */,
			);
			buildRules = (
			);
			dependencies = (
			);
			name = "Holidays-Calendar";
			productName = "Holidays-Calendar";
			productReference = FAC8E75E2920CDC7007E8A86 /* Holidays-Calendar.app */;
			productType = "com.apple.product-type.application";
		};
/* End PBXNativeTarget section */

/* Begin PBXProject section */
		FAC8E7562920CDC7007E8A86 /* Project object */ = {
			isa = PBXProject;
			attributes = {
				BuildIndependentTargetsInParallel = 1;
				LastSwiftUpdateCheck = 1400;
				LastUpgradeCheck = 1400;
				TargetAttributes = {
					FAC8E75D2920CDC7007E8A86 = {
						CreatedOnToolsVersion = 14.0.1;
					};
				};
			};
			buildConfigurationList = FAC8E7592920CDC7007E8A86 /* Build configuration list for PBXProject "Holidays-Calendar" */;
			compatibilityVersion = "Xcode 12.0";
			developmentRegion = en;
			hasScannedForEncodings = 0;
			knownRegions = (
				en,
				Base,
			);
			mainGroup = FAC8E7552920CDC7007E8A86;
			productRefGroup = FAC8E75F2920CDC7007E8A86 /* Products */;
			projectDirPath = "";
			projectRoot = "";
			targets = (
				FAC8E75D2920CDC7007E8A86 /* Holidays-Calendar */,
			);
		};
/* End PBXProject section */

/* Begin PBXResourcesBuildPhase section */
		FAC8E75C2920CDC7007E8A86 /* Resources */ = {
			isa = PBXResourcesBuildPhase;
			buildActionMask = 2147483647;
			files = (
				FAC8E76E2920CDC7007E8A86 /* LaunchScreen.storyboard in Resources */,
				FAC8E76B2920CDC7007E8A86 /* Assets.xcassets in Resources */,
				FAC8E7782920D5A0007E8A86 /* HolidaysTableViewCell.xib in Resources */,
				FAC8E7692920CDC7007E8A86 /* Main.storyboard in Resources */,
			);
			runOnlyForDeploymentPostprocessing = 0;
		};
/* End PBXResourcesBuildPhase section */

/* Begin PBXSourcesBuildPhase section */
		FAC8E75A2920CDC7007E8A86 /* Sources */ = {
			isa = PBXSourcesBuildPhase;
			buildActionMask = 2147483647;
			files = (
				FAC8E77C2920DA2D007E8A86 /* HolidaysRequest.swift in Sources */,
				FAC8E7662920CDC7007E8A86 /* ViewController.swift in Sources */,
				FAC8E7622920CDC7007E8A86 /* AppDelegate.swift in Sources */,
				FAC8E77A2920D850007E8A86 /* HolidayModels.swift in Sources */,
				FAC8E7772920D5A0007E8A86 /* HolidaysTableViewCell.swift in Sources */,
				FAC8E7642920CDC7007E8A86 /* SceneDelegate.swift in Sources */,
			);
			runOnlyForDeploymentPostprocessing = 0;
		};
/* End PBXSourcesBuildPhase section */

/* Begin PBXVariantGroup section */
		FAC8E7672920CDC7007E8A86 /* Main.storyboard */ = {
			isa = PBXVariantGroup;
			children = (
				FAC8E7682920CDC7007E8A86 /* Base */,
			);
			name = Main.storyboard;
			sourceTree = "<group>";
		};
		FAC8E76C2920CDC7007E8A86 /* LaunchScreen.storyboard */ = {
			isa = PBXVariantGroup;
			children = (
				FAC8E76D2920CDC7007E8A86 /* Base */,
			);
			name = LaunchScreen.storyboard;
			sourceTree = "<group>";
		};
/* End PBXVariantGroup section */

/* Begin XCBuildConfiguration section */
		FAC8E7702920CDC7007E8A86 /* Debug */ = {
			isa = XCBuildConfiguration;
			buildSettings = {
				ALWAYS_SEARCH_USER_PATHS = NO;
				CLANG_ANALYZER_NONNULL = YES;
				CLANG_ANALYZER_NUMBER_OBJECT_CONVERSION = YES_AGGRESSIVE;
				CLANG_CXX_LANGUAGE_STANDARD = "gnu++20";
				CLANG_ENABLE_MODULES = YES;
				CLANG_ENABLE_OBJC_ARC = YES;
				CLANG_ENABLE_OBJC_WEAK = YES;
				CLANG_WARN_BLOCK_CAPTURE_AUTORELEASING = YES;
				CLANG_WARN_BOOL_CONVERSION = YES;
				CLANG_WARN_COMMA = YES;
				CLANG_WARN_CONSTANT_CONVERSION = YES;
				CLANG_WARN_DEPRECATED_OBJC_IMPLEMENTATIONS = YES;
				CLANG_WARN_DIRECT_OBJC_ISA_USAGE = YES_ERROR;
				CLANG_WARN_DOCUMENTATION_COMMENTS = YES;
				CLANG_WARN_EMPTY_BODY = YES;
				CLANG_WARN_ENUM_CONVERSION = YES;
				CLANG_WARN_INFINITE_RECURSION = YES;
				CLANG_WARN_INT_CONVERSION = YES;
				CLANG_WARN_NON_LITERAL_NULL_CONVERSION = YES;
				CLANG_WARN_OBJC_IMPLICIT_RETAIN_SELF = YES;
				CLANG_WARN_OBJC_LITERAL_CONVERSION = YES;
				CLANG_WARN_OBJC_ROOT_CLASS = YES_ERROR;
				CLANG_WARN_QUOTED_INCLUDE_IN_FRAMEWORK_HEADER = YES;
				CLANG_WARN_RANGE_LOOP_ANALYSIS = YES;
				CLANG_WARN_STRICT_PROTOTYPES = YES;
				CLANG_WARN_SUSPICIOUS_MOVE = YES;
				CLANG_WARN_UNGUARDED_AVAILABILITY = YES_AGGRESSIVE;
				CLANG_WARN_UNREACHABLE_CODE = YES;
				CLANG_WARN__DUPLICATE_METHOD_MATCH = YES;
				COPY_PHASE_STRIP = NO;
				DEBUG_INFORMATION_FORMAT = dwarf;
				ENABLE_STRICT_OBJC_MSGSEND = YES;
				ENABLE_TESTABILITY = YES;
				GCC_C_LANGUAGE_STANDARD = gnu11;
				GCC_DYNAMIC_NO_PIC = NO;
				GCC_NO_COMMON_BLOCKS = YES;
				GCC_OPTIMIZATION_LEVEL = 0;
				GCC_PREPROCESSOR_DEFINITIONS = (
					"DEBUG=1",
					"$(inherited)",
				);
				GCC_WARN_64_TO_32_BIT_CONVERSION = YES;
				GCC_WARN_ABOUT_RETURN_TYPE = YES_ERROR;
				GCC_WARN_UNDECLARED_SELECTOR = YES;
				GCC_WARN_UNINITIALIZED_AUTOS = YES_AGGRESSIVE;
				GCC_WARN_UNUSED_FUNCTION = YES;
				GCC_WARN_UNUSED_VARIABLE = YES;
				IPHONEOS_DEPLOYMENT_TARGET = 16.0;
				MTL_ENABLE_DEBUG_INFO = INCLUDE_SOURCE;
				MTL_FAST_MATH = YES;
				ONLY_ACTIVE_ARCH = YES;
				SDKROOT = iphoneos;
				SWIFT_ACTIVE_COMPILATION_CONDITIONS = DEBUG;
				SWIFT_OPTIMIZATION_LEVEL = "-Onone";
			};
			name = Debug;
		};
		FAC8E7712920CDC7007E8A86 /* Release */ = {
			isa = XCBuildConfiguration;
			buildSettings = {
				ALWAYS_SEARCH_USER_PATHS = NO;
				CLANG_ANALYZER_NONNULL = YES;
				CLANG_ANALYZER_NUMBER_OBJECT_CONVERSION = YES_AGGRESSIVE;
				CLANG_CXX_LANGUAGE_STANDARD = "gnu++20";
				CLANG_ENABLE_MODULES = YES;
				CLANG_ENABLE_OBJC_ARC = YES;
				CLANG_ENABLE_OBJC_WEAK = YES;
				CLANG_WARN_BLOCK_CAPTURE_AUTORELEASING = YES;
				CLANG_WARN_BOOL_CONVERSION = YES;
				CLANG_WARN_COMMA = YES;
				CLANG_WARN_CONSTANT_CONVERSION = YES;
				CLANG_WARN_DEPRECATED_OBJC_IMPLEMENTATIONS = YES;
				CLANG_WARN_DIRECT_OBJC_ISA_USAGE = YES_ERROR;
				CLANG_WARN_DOCUMENTATION_COMMENTS = YES;
				CLANG_WARN_EMPTY_BODY = YES;
				CLANG_WARN_ENUM_CONVERSION = YES;
				CLANG_WARN_INFINITE_RECURSION = YES;
				CLANG_WARN_INT_CONVERSION = YES;
				CLANG_WARN_NON_LITERAL_NULL_CONVERSION = YES;
				CLANG_WARN_OBJC_IMPLICIT_RETAIN_SELF = YES;
				CLANG_WARN_OBJC_LITERAL_CONVERSION = YES;
				CLANG_WARN_OBJC_ROOT_CLASS = YES_ERROR;
				CLANG_WARN_QUOTED_INCLUDE_IN_FRAMEWORK_HEADER = YES;
				CLANG_WARN_RANGE_LOOP_ANALYSIS = YES;
				CLANG_WARN_STRICT_PROTOTYPES = YES;
				CLANG_WARN_SUSPICIOUS_MOVE = YES;
				CLANG_WARN_UNGUARDED_AVAILABILITY = YES_AGGRESSIVE;
				CLANG_WARN_UNREACHABLE_CODE = YES;
				CLANG_WARN__DUPLICATE_METHOD_MATCH = YES;
				COPY_PHASE_STRIP = NO;
				DEBUG_INFORMATION_FORMAT = "dwarf-with-dsym";
				ENABLE_NS_ASSERTIONS = NO;
				ENABLE_STRICT_OBJC_MSGSEND = YES;
				GCC_C_LANGUAGE_STANDARD = gnu11;
				GCC_NO_COMMON_BLOCKS = YES;
				GCC_WARN_64_TO_32_BIT_CONVERSION = YES;
				GCC_WARN_ABOUT_RETURN_TYPE = YES_ERROR;
				GCC_WARN_UNDECLARED_SELECTOR = YES;
				GCC_WARN_UNINITIALIZED_AUTOS = YES_AGGRESSIVE;
				GCC_WARN_UNUSED_FUNCTION = YES;
				GCC_WARN_UNUSED_VARIABLE = YES;
				IPHONEOS_DEPLOYMENT_TARGET = 16.0;
				MTL_ENABLE_DEBUG_INFO = NO;
				MTL_FAST_MATH = YES;
				SDKROOT = iphoneos;
				SWIFT_COMPILATION_MODE = wholemodule;
				SWIFT_OPTIMIZATION_LEVEL = "-O";
				VALIDATE_PRODUCT = YES;
			};
			name = Release;
		};
		FAC8E7732920CDC7007E8A86 /* Debug */ = {
			isa = XCBuildConfiguration;
			buildSettings = {
				ASSETCATALOG_COMPILER_APPICON_NAME = AppIcon;
				ASSETCATALOG_COMPILER_GLOBAL_ACCENT_COLOR_NAME = AccentColor;
				CODE_SIGN_STYLE = Automatic;
				CURRENT_PROJECT_VERSION = 1;
				GENERATE_INFOPLIST_FILE = YES;
				INFOPLIST_FILE = "Holidays-Calendar/Info.plist";
				INFOPLIST_KEY_UIApplicationSupportsIndirectInputEvents = YES;
				INFOPLIST_KEY_UILaunchStoryboardName = LaunchScreen;
				INFOPLIST_KEY_UIMainStoryboardFile = Main;
				INFOPLIST_KEY_UISupportedInterfaceOrientations_iPad = "UIInterfaceOrientationPortrait UIInterfaceOrientationPortraitUpsideDown UIInterfaceOrientationLandscapeLeft UIInterfaceOrientationLandscapeRight";
				INFOPLIST_KEY_UISupportedInterfaceOrientations_iPhone = "UIInterfaceOrientationPortrait UIInterfaceOrientationLandscapeLeft UIInterfaceOrientationLandscapeRight";
				IPHONEOS_DEPLOYMENT_TARGET = 15.0;
				LD_RUNPATH_SEARCH_PATHS = (
					"$(inherited)",
					"@executable_path/Frameworks",
				);
				MARKETING_VERSION = 1.0;
				PRODUCT_BUNDLE_IDENTIFIER = "hoangduc.Holidays-Calendar";
				PRODUCT_NAME = "$(TARGET_NAME)";
				SWIFT_EMIT_LOC_STRINGS = YES;
				SWIFT_VERSION = 5.0;
				TARGETED_DEVICE_FAMILY = "1,2";
			};
			name = Debug;
		};
		FAC8E7742920CDC7007E8A86 /* Release */ = {
			isa = XCBuildConfiguration;
			buildSettings = {
				ASSETCATALOG_COMPILER_APPICON_NAME = AppIcon;
				ASSETCATALOG_COMPILER_GLOBAL_ACCENT_COLOR_NAME = AccentColor;
				CODE_SIGN_STYLE = Automatic;
				CURRENT_PROJECT_VERSION = 1;
				GENERATE_INFOPLIST_FILE = YES;
				INFOPLIST_FILE = "Holidays-Calendar/Info.plist";
				INFOPLIST_KEY_UIApplicationSupportsIndirectInputEvents = YES;
				INFOPLIST_KEY_UILaunchStoryboardName = LaunchScreen;
				INFOPLIST_KEY_UIMainStoryboardFile = Main;
				INFOPLIST_KEY_UISupportedInterfaceOrientations_iPad = "UIInterfaceOrientationPortrait UIInterfaceOrientationPortraitUpsideDown UIInterfaceOrientationLandscapeLeft UIInterfaceOrientationLandscapeRight";
				INFOPLIST_KEY_UISupportedInterfaceOrientations_iPhone = "UIInterfaceOrientationPortrait UIInterfaceOrientationLandscapeLeft UIInterfaceOrientationLandscapeRight";
				IPHONEOS_DEPLOYMENT_TARGET = 15.0;
				LD_RUNPATH_SEARCH_PATHS = (
					"$(inherited)",
					"@executable_path/Frameworks",
				);
				MARKETING_VERSION = 1.0;
				PRODUCT_BUNDLE_IDENTIFIER = "hoangduc.Holidays-Calendar";
				PRODUCT_NAME = "$(TARGET_NAME)";
				SWIFT_EMIT_LOC_STRINGS = YES;
				SWIFT_VERSION = 5.0;
				TARGETED_DEVICE_FAMILY = "1,2";
			};
			name = Release;
		};
/* End XCBuildConfiguration section */

/* Begin XCConfigurationList section */
		FAC8E7592920CDC7007E8A86 /* Build configuration list for PBXProject "Holidays-Calendar" */ = {
			isa = XCConfigurationList;
			buildConfigurations = (
				FAC8E7702920CDC7007E8A86 /* Debug */,
				FAC8E7712920CDC7007E8A86 /* Release */,
			);
			defaultConfigurationIsVisible = 0;
			defaultConfigurationName = Release;
		};
		FAC8E7722920CDC7007E8A86 /* Build configuration list for PBXNativeTarget "Holidays-Calendar" */ = {
			isa = XCConfigurationList;
			buildConfigurations = (
				FAC8E7732920CDC7007E8A86 /* Debug */,
				FAC8E7742920CDC7007E8A86 /* Release */,
			);
			defaultConfigurationIsVisible = 0;
			defaultConfigurationName = Release;
		};
/* End XCConfigurationList section */
	};
	rootObject = FAC8E7562920CDC7007E8A86 /* Project object */;
}
